// !$*UTF8*$!
{
	archiveVersion = 1;
	classes = {
	};
	objectVersion = 50;
	objects = {

/* Begin PBXBuildFile section */
		8D78B81290DE878709E024FE /* libPods-Music.a in Frameworks */ = {isa = PBXBuildFile; fileRef = 2C91B12B2F98143917C3D904 /* libPods-Music.a */; };
		A72E2F4C22369E40006473EE /* AppDelegate.m in Sources */ = {isa = PBXBuildFile; fileRef = A72E2F4B22369E40006473EE /* AppDelegate.m */; };
		A72E2F4F22369E40006473EE /* ViewController.m in Sources */ = {isa = PBXBuildFile; fileRef = A72E2F4E22369E40006473EE /* ViewController.m */; };
		A72E2F5222369E40006473EE /* Main.storyboard in Resources */ = {isa = PBXBuildFile; fileRef = A72E2F5022369E40006473EE /* Main.storyboard */; };
		A72E2F5422369E43006473EE /* Assets.xcassets in Resources */ = {isa = PBXBuildFile; fileRef = A72E2F5322369E43006473EE /* Assets.xcassets */; };
		A72E2F5722369E43006473EE /* LaunchScreen.storyboard in Resources */ = {isa = PBXBuildFile; fileRef = A72E2F5522369E43006473EE /* LaunchScreen.storyboard */; };
		A72E2F5A22369E43006473EE /* main.m in Sources */ = {isa = PBXBuildFile; fileRef = A72E2F5922369E43006473EE /* main.m */; };
		A72E2F6422369E43006473EE /* MusicTests.m in Sources */ = {isa = PBXBuildFile; fileRef = A72E2F6322369E43006473EE /* MusicTests.m */; };
		A72E2F6F22369E43006473EE /* MusicUITests.m in Sources */ = {isa = PBXBuildFile; fileRef = A72E2F6E22369E43006473EE /* MusicUITests.m */; };
		A72E2F7D22369F38006473EE /* Podfile in Resources */ = {isa = PBXBuildFile; fileRef = A72E2F7C22369F37006473EE /* Podfile */; };
/* End PBXBuildFile section */

/* Begin PBXContainerItemProxy section */
		A72E2F6022369E43006473EE /* PBXContainerItemProxy */ = {
			isa = PBXContainerItemProxy;
			containerPortal = A72E2F3F22369E40006473EE /* Project object */;
			proxyType = 1;
			remoteGlobalIDString = A72E2F4622369E40006473EE;
			remoteInfo = Music;
		};
		A72E2F6B22369E43006473EE /* PBXContainerItemProxy */ = {
			isa = PBXContainerItemProxy;
			containerPortal = A72E2F3F22369E40006473EE /* Project object */;
			proxyType = 1;
			remoteGlobalIDString = A72E2F4622369E40006473EE;
			remoteInfo = Music;
		};
/* End PBXContainerItemProxy section */

/* Begin PBXFileReference section */
		2C91B12B2F98143917C3D904 /* libPods-Music.a */ = {isa = PBXFileReference; explicitFileType = archive.ar; includeInIndex = 0; path = "libPods-Music.a"; sourceTree = BUILT_PRODUCTS_DIR; };
		9E1EBB61750EC77C731053F5 /* Pods-Music.release.xcconfig */ = {isa = PBXFileReference; includeInIndex = 1; lastKnownFileType = text.xcconfig; name = "Pods-Music.release.xcconfig"; path = "Pods/Target Support Files/Pods-Music/Pods-Music.release.xcconfig"; sourceTree = "<group>"; };
		A72E2F4722369E40006473EE /* Music.app */ = {isa = PBXFileReference; explicitFileType = wrapper.application; includeInIndex = 0; path = Music.app; sourceTree = BUILT_PRODUCTS_DIR; };
		A72E2F4A22369E40006473EE /* AppDelegate.h */ = {isa = PBXFileReference; lastKnownFileType = sourcecode.c.h; path = AppDelegate.h; sourceTree = "<group>"; };
		A72E2F4B22369E40006473EE /* AppDelegate.m */ = {isa = PBXFileReference; lastKnownFileType = sourcecode.c.objc; path = AppDelegate.m; sourceTree = "<group>"; };
		A72E2F4D22369E40006473EE /* ViewController.h */ = {isa = PBXFileReference; lastKnownFileType = sourcecode.c.h; path = ViewController.h; sourceTree = "<group>"; };
		A72E2F4E22369E40006473EE /* ViewController.m */ = {isa = PBXFileReference; lastKnownFileType = sourcecode.c.objc; path = ViewController.m; sourceTree = "<group>"; };
		A72E2F5122369E40006473EE /* Base */ = {isa = PBXFileReference; lastKnownFileType = file.storyboard; name = Base; path = Base.lproj/Main.storyboard; sourceTree = "<group>"; };
		A72E2F5322369E43006473EE /* Assets.xcassets */ = {isa = PBXFileReference; lastKnownFileType = folder.assetcatalog; path = Assets.xcassets; sourceTree = "<group>"; };
		A72E2F5622369E43006473EE /* Base */ = {isa = PBXFileReference; lastKnownFileType = file.storyboard; name = Base; path = Base.lproj/LaunchScreen.storyboard; sourceTree = "<group>"; };
		A72E2F5822369E43006473EE /* Info.plist */ = {isa = PBXFileReference; lastKnownFileType = text.plist.xml; path = Info.plist; sourceTree = "<group>"; };
		A72E2F5922369E43006473EE /* main.m */ = {isa = PBXFileReference; lastKnownFileType = sourcecode.c.objc; path = main.m; sourceTree = "<group>"; };
		A72E2F5F22369E43006473EE /* MusicTests.xctest */ = {isa = PBXFileReference; explicitFileType = wrapper.cfbundle; includeInIndex = 0; path = MusicTests.xctest; sourceTree = BUILT_PRODUCTS_DIR; };
		A72E2F6322369E43006473EE /* MusicTests.m */ = {isa = PBXFileReference; lastKnownFileType = sourcecode.c.objc; path = MusicTests.m; sourceTree = "<group>"; };
		A72E2F6522369E43006473EE /* Info.plist */ = {isa = PBXFileReference; lastKnownFileType = text.plist.xml; path = Info.plist; sourceTree = "<group>"; };
		A72E2F6A22369E43006473EE /* MusicUITests.xctest */ = {isa = PBXFileReference; explicitFileType = wrapper.cfbundle; includeInIndex = 0; path = MusicUITests.xctest; sourceTree = BUILT_PRODUCTS_DIR; };
		A72E2F6E22369E43006473EE /* MusicUITests.m */ = {isa = PBXFileReference; lastKnownFileType = sourcecode.c.objc; path = MusicUITests.m; sourceTree = "<group>"; };
		A72E2F7022369E43006473EE /* Info.plist */ = {isa = PBXFileReference; lastKnownFileType = text.plist.xml; path = Info.plist; sourceTree = "<group>"; };
		A72E2F7C22369F37006473EE /* Podfile */ = {isa = PBXFileReference; fileEncoding = 4; lastKnownFileType = text; path = Podfile; sourceTree = "<group>"; xcLanguageSpecificationIdentifier = xcode.lang.ruby; };
		E7D50F2C3BED41C9D47AEC9D /* Pods-Music.debug.xcconfig */ = {isa = PBXFileReference; includeInIndex = 1; lastKnownFileType = text.xcconfig; name = "Pods-Music.debug.xcconfig"; path = "Pods/Target Support Files/Pods-Music/Pods-Music.debug.xcconfig"; sourceTree = "<group>"; };
/* End PBXFileReference section */

/* Begin PBXFrameworksBuildPhase section */
		A72E2F4422369E40006473EE /* Frameworks */ = {
			isa = PBXFrameworksBuildPhase;
			buildActionMask = 2147483647;
			files = (
				8D78B81290DE878709E024FE /* libPods-Music.a in Frameworks */,
			);
			runOnlyForDeploymentPostprocessing = 0;
		};
		A72E2F5C22369E43006473EE /* Frameworks */ = {
			isa = PBXFrameworksBuildPhase;
			buildActionMask = 2147483647;
			files = (
			);
			runOnlyForDeploymentPostprocessing = 0;
		};
		A72E2F6722369E43006473EE /* Frameworks */ = {
			isa = PBXFrameworksBuildPhase;
			buildActionMask = 2147483647;
			files = (
			);
			runOnlyForDeploymentPostprocessing = 0;
		};
/* End PBXFrameworksBuildPhase section */

/* Begin PBXGroup section */
		63C860F8B40EDB3584F00FFC /* Frameworks */ = {
			isa = PBXGroup;
			children = (
				2C91B12B2F98143917C3D904 /* libPods-Music.a */,
			);
			name = Frameworks;
			sourceTree = "<group>";
		};
		A2F72038C16008A6F9797F52 /* Pods */ = {
			isa = PBXGroup;
			children = (
				E7D50F2C3BED41C9D47AEC9D /* Pods-Music.debug.xcconfig */,
				9E1EBB61750EC77C731053F5 /* Pods-Music.release.xcconfig */,
			);
			name = Pods;
			sourceTree = "<group>";
		};
		A72E2F3E22369E40006473EE = {
			isa = PBXGroup;
			children = (
				A72E2F7C22369F37006473EE /* Podfile */,
				A72E2F4922369E40006473EE /* Music */,
				A72E2F6222369E43006473EE /* MusicTests */,
				A72E2F6D22369E43006473EE /* MusicUITests */,
				A72E2F4822369E40006473EE /* Products */,
				A2F72038C16008A6F9797F52 /* Pods */,
				63C860F8B40EDB3584F00FFC /* Frameworks */,
			);
			sourceTree = "<group>";
		};
		A72E2F4822369E40006473EE /* Products */ = {
			isa = PBXGroup;
			children = (
				A72E2F4722369E40006473EE /* Music.app */,
				A72E2F5F22369E43006473EE /* MusicTests.xctest */,
				A72E2F6A22369E43006473EE /* MusicUITests.xctest */,
			);
			name = Products;
			sourceTree = "<group>";
		};
		A72E2F4922369E40006473EE /* Music */ = {
			isa = PBXGroup;
			children = (
				A72E2F4A22369E40006473EE /* AppDelegate.h */,
				A72E2F4B22369E40006473EE /* AppDelegate.m */,
				A72E2F4D22369E40006473EE /* ViewController.h */,
				A72E2F4E22369E40006473EE /* ViewController.m */,
				A72E2F5022369E40006473EE /* Main.storyboard */,
				A72E2F5322369E43006473EE /* Assets.xcassets */,
				A72E2F5522369E43006473EE /* LaunchScreen.storyboard */,
				A72E2F5822369E43006473EE /* Info.plist */,
				A72E2F5922369E43006473EE /* main.m */,
			);
			path = Music;
			sourceTree = "<group>";
		};
		A72E2F6222369E43006473EE /* MusicTests */ = {
			isa = PBXGroup;
			children = (
				A72E2F6322369E43006473EE /* MusicTests.m */,
				A72E2F6522369E43006473EE /* Info.plist */,
			);
			path = MusicTests;
			sourceTree = "<group>";
		};
		A72E2F6D22369E43006473EE /* MusicUITests */ = {
			isa = PBXGroup;
			children = (
				A72E2F6E22369E43006473EE /* MusicUITests.m */,
				A72E2F7022369E43006473EE /* Info.plist */,
			);
			path = MusicUITests;
			sourceTree = "<group>";
		};
/* End PBXGroup section */

/* Begin PBXNativeTarget section */
		A72E2F4622369E40006473EE /* Music */ = {
			isa = PBXNativeTarget;
			buildConfigurationList = A72E2F7322369E43006473EE /* Build configuration list for PBXNativeTarget "Music" */;
			buildPhases = (
				CC8F84B37C66C41D737C3C75 /* [CP] Check Pods Manifest.lock */,
				A72E2F4322369E40006473EE /* Sources */,
				A72E2F4422369E40006473EE /* Frameworks */,
				A72E2F4522369E40006473EE /* Resources */,
			);
			buildRules = (
			);
			dependencies = (
			);
			name = Music;
			productName = Music;
			productReference = A72E2F4722369E40006473EE /* Music.app */;
			productType = "com.apple.product-type.application";
		};
		A72E2F5E22369E43006473EE /* MusicTests */ = {
			isa = PBXNativeTarget;
			buildConfigurationList = A72E2F7622369E43006473EE /* Build configuration list for PBXNativeTarget "MusicTests" */;
			buildPhases = (
				A72E2F5B22369E43006473EE /* Sources */,
				A72E2F5C22369E43006473EE /* Frameworks */,
				A72E2F5D22369E43006473EE /* Resources */,
			);
			buildRules = (
			);
			dependencies = (
				A72E2F6122369E43006473EE /* PBXTargetDependency */,
			);
			name = MusicTests;
			productName = MusicTests;
			productReference = A72E2F5F22369E43006473EE /* MusicTests.xctest */;
			productType = "com.apple.product-type.bundle.unit-test";
		};
		A72E2F6922369E43006473EE /* MusicUITests */ = {
			isa = PBXNativeTarget;
			buildConfigurationList = A72E2F7922369E43006473EE /* Build configuration list for PBXNativeTarget "MusicUITests" */;
			buildPhases = (
				A72E2F6622369E43006473EE /* Sources */,
				A72E2F6722369E43006473EE /* Frameworks */,
				A72E2F6822369E43006473EE /* Resources */,
			);
			buildRules = (
			);
			dependencies = (
				A72E2F6C22369E43006473EE /* PBXTargetDependency */,
			);
			name = MusicUITests;
			productName = MusicUITests;
			productReference = A72E2F6A22369E43006473EE /* MusicUITests.xctest */;
			productType = "com.apple.product-type.bundle.ui-testing";
		};
/* End PBXNativeTarget section */

/* Begin PBXProject section */
		A72E2F3F22369E40006473EE /* Project object */ = {
			isa = PBXProject;
			attributes = {
				LastUpgradeCheck = 1010;
				ORGANIZATIONNAME = fanyin;
				TargetAttributes = {
					A72E2F4622369E40006473EE = {
						CreatedOnToolsVersion = 10.1;
					};
					A72E2F5E22369E43006473EE = {
						CreatedOnToolsVersion = 10.1;
						TestTargetID = A72E2F4622369E40006473EE;
					};
					A72E2F6922369E43006473EE = {
						CreatedOnToolsVersion = 10.1;
						TestTargetID = A72E2F4622369E40006473EE;
					};
				};
			};
			buildConfigurationList = A72E2F4222369E40006473EE /* Build configuration list for PBXProject "Music" */;
			compatibilityVersion = "Xcode 9.3";
			developmentRegion = en;
			hasScannedForEncodings = 0;
			knownRegions = (
				en,
				Base,
			);
			mainGroup = A72E2F3E22369E40006473EE;
			productRefGroup = A72E2F4822369E40006473EE /* Products */;
			projectDirPath = "";
			projectRoot = "";
			targets = (
				A72E2F4622369E40006473EE /* Music */,
				A72E2F5E22369E43006473EE /* MusicTests */,
				A72E2F6922369E43006473EE /* MusicUITests */,
			);
		};
/* End PBXProject section */

/* Begin PBXResourcesBuildPhase section */
		A72E2F4522369E40006473EE /* Resources */ = {
			isa = PBXResourcesBuildPhase;
			buildActionMask = 2147483647;
			files = (
				A72E2F5722369E43006473EE /* LaunchScreen.storyboard in Resources */,
				A72E2F5422369E43006473EE /* Assets.xcassets in Resources */,
				A72E2F7D22369F38006473EE /* Podfile in Resources */,
				A72E2F5222369E40006473EE /* Main.storyboard in Resources */,
			);
			runOnlyForDeploymentPostprocessing = 0;
		};
		A72E2F5D22369E43006473EE /* Resources */ = {
			isa = PBXResourcesBuildPhase;
			buildActionMask = 2147483647;
			files = (
			);
			runOnlyForDeploymentPostprocessing = 0;
		};
		A72E2F6822369E43006473EE /* Resources */ = {
			isa = PBXResourcesBuildPhase;
			buildActionMask = 2147483647;
			files = (
			);
			runOnlyForDeploymentPostprocessing = 0;
		};
/* End PBXResourcesBuildPhase section */

/* Begin PBXShellScriptBuildPhase section */
		CC8F84B37C66C41D737C3C75 /* [CP] Check Pods Manifest.lock */ = {
			isa = PBXShellScriptBuildPhase;
			buildActionMask = 2147483647;
			files = (
			);
			inputPaths = (
				"${PODS_PODFILE_DIR_PATH}/Podfile.lock",
				"${PODS_ROOT}/Manifest.lock",
			);
			name = "[CP] Check Pods Manifest.lock";
			outputPaths = (
				"$(DERIVED_FILE_DIR)/Pods-Music-checkManifestLockResult.txt",
			);
			runOnlyForDeploymentPostprocessing = 0;
			shellPath = /bin/sh;
			shellScript = "diff \"${PODS_PODFILE_DIR_PATH}/Podfile.lock\" \"${PODS_ROOT}/Manifest.lock\" > /dev/null\nif [ $? != 0 ] ; then\n    # print error to STDERR\n    echo \"error: The sandbox is not in sync with the Podfile.lock. Run 'pod install' or update your CocoaPods installation.\" >&2\n    exit 1\nfi\n# This output is used by Xcode 'outputs' to avoid re-running this script phase.\necho \"SUCCESS\" > \"${SCRIPT_OUTPUT_FILE_0}\"\n";
			showEnvVarsInLog = 0;
		};
/* End PBXShellScriptBuildPhase section */

/* Begin PBXSourcesBuildPhase section */
		A72E2F4322369E40006473EE /* Sources */ = {
			isa = PBXSourcesBuildPhase;
			buildActionMask = 2147483647;
			files = (
				A72E2F4F22369E40006473EE /* ViewController.m in Sources */,
				A72E2F5A22369E43006473EE /* main.m in Sources */,
				A72E2F4C22369E40006473EE /* AppDelegate.m in Sources */,
			);
			runOnlyForDeploymentPostprocessing = 0;
		};
		A72E2F5B22369E43006473EE /* Sources */ = {
			isa = PBXSourcesBuildPhase;
			buildActionMask = 2147483647;
			files = (
				A72E2F6422369E43006473EE /* MusicTests.m in Sources */,
			);
			runOnlyForDeploymentPostprocessing = 0;
		};
		A72E2F6622369E43006473EE /* Sources */ = {
			isa = PBXSourcesBuildPhase;
			buildActionMask = 2147483647;
			files = (
				A72E2F6F22369E43006473EE /* MusicUITests.m in Sources */,
			);
			runOnlyForDeploymentPostprocessing = 0;
		};
/* End PBXSourcesBuildPhase section */

/* Begin PBXTargetDependency section */
		A72E2F6122369E43006473EE /* PBXTargetDependency */ = {
			isa = PBXTargetDependency;
			target = A72E2F4622369E40006473EE /* Music */;
			targetProxy = A72E2F6022369E43006473EE /* PBXContainerItemProxy */;
		};
		A72E2F6C22369E43006473EE /* PBXTargetDependency */ = {
			isa = PBXTargetDependency;
			target = A72E2F4622369E40006473EE /* Music */;
			targetProxy = A72E2F6B22369E43006473EE /* PBXContainerItemProxy */;
		};
/* End PBXTargetDependency section */

/* Begin PBXVariantGroup section */
		A72E2F5022369E40006473EE /* Main.storyboard */ = {
			isa = PBXVariantGroup;
			children = (
				A72E2F5122369E40006473EE /* Base */,
			);
			name = Main.storyboard;
			sourceTree = "<group>";
		};
		A72E2F5522369E43006473EE /* LaunchScreen.storyboard */ = {
			isa = PBXVariantGroup;
			children = (
				A72E2F5622369E43006473EE /* Base */,
			);
			name = LaunchScreen.storyboard;
			sourceTree = "<group>";
		};
/* End PBXVariantGroup section */

/* Begin XCBuildConfiguration section */
		A72E2F7122369E43006473EE /* Debug */ = {
			isa = XCBuildConfiguration;
			buildSettings = {
				ALWAYS_SEARCH_USER_PATHS = NO;
				CLANG_ANALYZER_NONNULL = YES;
				CLANG_ANALYZER_NUMBER_OBJECT_CONVERSION = YES_AGGRESSIVE;
				CLANG_CXX_LANGUAGE_STANDARD = "gnu++14";
				CLANG_CXX_LIBRARY = "libc++";
				CLANG_ENABLE_MODULES = YES;
				CLANG_ENABLE_OBJC_ARC = YES;
				CLANG_ENABLE_OBJC_WEAK = YES;
				CLANG_WARN_BLOCK_CAPTURE_AUTORELEASING = YES;
				CLANG_WARN_BOOL_CONVERSION = YES;
				CLANG_WARN_COMMA = YES;
				CLANG_WARN_CONSTANT_CONVERSION = YES;
				CLANG_WARN_DEPRECATED_OBJC_IMPLEMENTATIONS = YES;
				CLANG_WARN_DIRECT_OBJC_ISA_USAGE = YES_ERROR;
				CLANG_WARN_DOCUMENTATION_COMMENTS = YES;
				CLANG_WARN_EMPTY_BODY = YES;
				CLANG_WARN_ENUM_CONVERSION = YES;
				CLANG_WARN_INFINITE_RECURSION = YES;
				CLANG_WARN_INT_CONVERSION = YES;
				CLANG_WARN_NON_LITERAL_NULL_CONVERSION = YES;
				CLANG_WARN_OBJC_IMPLICIT_RETAIN_SELF = YES;
				CLANG_WARN_OBJC_LITERAL_CONVERSION = YES;
				CLANG_WARN_OBJC_ROOT_CLASS = YES_ERROR;
				CLANG_WARN_RANGE_LOOP_ANALYSIS = YES;
				CLANG_WARN_STRICT_PROTOTYPES = YES;
				CLANG_WARN_SUSPICIOUS_MOVE = YES;
				CLANG_WARN_UNGUARDED_AVAILABILITY = YES_AGGRESSIVE;
				CLANG_WARN_UNREACHABLE_CODE = YES;
				CLANG_WARN__DUPLICATE_METHOD_MATCH = YES;
				CODE_SIGN_IDENTITY = "iPhone Developer";
				COPY_PHASE_STRIP = NO;
				DEBUG_INFORMATION_FORMAT = dwarf;
				ENABLE_STRICT_OBJC_MSGSEND = YES;
				ENABLE_TESTABILITY = YES;
				GCC_C_LANGUAGE_STANDARD = gnu11;
				GCC_DYNAMIC_NO_PIC = NO;
				GCC_NO_COMMON_BLOCKS = YES;
				GCC_OPTIMIZATION_LEVEL = 0;
				GCC_PREPROCESSOR_DEFINITIONS = (
					"DEBUG=1",
					"$(inherited)",
				);
				GCC_WARN_64_TO_32_BIT_CONVERSION = YES;
				GCC_WARN_ABOUT_RETURN_TYPE = YES_ERROR;
				GCC_WARN_UNDECLARED_SELECTOR = YES;
				GCC_WARN_UNINITIALIZED_AUTOS = YES_AGGRESSIVE;
				GCC_WARN_UNUSED_FUNCTION = YES;
				GCC_WARN_UNUSED_VARIABLE = YES;
				IPHONEOS_DEPLOYMENT_TARGET = 12.1;
				MTL_ENABLE_DEBUG_INFO = INCLUDE_SOURCE;
				MTL_FAST_MATH = YES;
				ONLY_ACTIVE_ARCH = YES;
				SDKROOT = iphoneos;
			};
			name = Debug;
		};
		A72E2F7222369E43006473EE /* Release */ = {
			isa = XCBuildConfiguration;
			buildSettings = {
				ALWAYS_SEARCH_USER_PATHS = NO;
				CLANG_ANALYZER_NONNULL = YES;
				CLANG_ANALYZER_NUMBER_OBJECT_CONVERSION = YES_AGGRESSIVE;
				CLANG_CXX_LANGUAGE_STANDARD = "gnu++14";
				CLANG_CXX_LIBRARY = "libc++";
				CLANG_ENABLE_MODULES = YES;
				CLANG_ENABLE_OBJC_ARC = YES;
				CLANG_ENABLE_OBJC_WEAK = YES;
				CLANG_WARN_BLOCK_CAPTURE_AUTORELEASING = YES;
				CLANG_WARN_BOOL_CONVERSION = YES;
				CLANG_WARN_COMMA = YES;
				CLANG_WARN_CONSTANT_CONVERSION = YES;
				CLANG_WARN_DEPRECATED_OBJC_IMPLEMENTATIONS = YES;
				CLANG_WARN_DIRECT_OBJC_ISA_USAGE = YES_ERROR;
				CLANG_WARN_DOCUMENTATION_COMMENTS = YES;
				CLANG_WARN_EMPTY_BODY = YES;
				CLANG_WARN_ENUM_CONVERSION = YES;
				CLANG_WARN_INFINITE_RECURSION = YES;
				CLANG_WARN_INT_CONVERSION = YES;
				CLANG_WARN_NON_LITERAL_NULL_CONVERSION = YES;
				CLANG_WARN_OBJC_IMPLICIT_RETAIN_SELF = YES;
				CLANG_WARN_OBJC_LITERAL_CONVERSION = YES;
				CLANG_WARN_OBJC_ROOT_CLASS = YES_ERROR;
				CLANG_WARN_RANGE_LOOP_ANALYSIS = YES;
				CLANG_WARN_STRICT_PROTOTYPES = YES;
				CLANG_WARN_SUSPICIOUS_MOVE = YES;
				CLANG_WARN_UNGUARDED_AVAILABILITY = YES_AGGRESSIVE;
				CLANG_WARN_UNREACHABLE_CODE = YES;
				CLANG_WARN__DUPLICATE_METHOD_MATCH = YES;
				CODE_SIGN_IDENTITY = "iPhone Developer";
				COPY_PHASE_STRIP = NO;
				DEBUG_INFORMATION_FORMAT = "dwarf-with-dsym";
				ENABLE_NS_ASSERTIONS = NO;
				ENABLE_STRICT_OBJC_MSGSEND = YES;
				GCC_C_LANGUAGE_STANDARD = gnu11;
				GCC_NO_COMMON_BLOCKS = YES;
				GCC_WARN_64_TO_32_BIT_CONVERSION = YES;
				GCC_WARN_ABOUT_RETURN_TYPE = YES_ERROR;
				GCC_WARN_UNDECLARED_SELECTOR = YES;
				GCC_WARN_UNINITIALIZED_AUTOS = YES_AGGRESSIVE;
				GCC_WARN_UNUSED_FUNCTION = YES;
				GCC_WARN_UNUSED_VARIABLE = YES;
				IPHONEOS_DEPLOYMENT_TARGET = 12.1;
				MTL_ENABLE_DEBUG_INFO = NO;
				MTL_FAST_MATH = YES;
				SDKROOT = iphoneos;
				VALIDATE_PRODUCT = YES;
			};
			name = Release;
		};
		A72E2F7422369E43006473EE /* Debug */ = {
			isa = XCBuildConfiguration;
			baseConfigurationReference = E7D50F2C3BED41C9D47AEC9D /* Pods-Music.debug.xcconfig */;
			buildSettings = {
				ASSETCATALOG_COMPILER_APPICON_NAME = AppIcon;
				CODE_SIGN_STYLE = Automatic;
				INFOPLIST_FILE = Music/Info.plist;
				LD_RUNPATH_SEARCH_PATHS = (
					"$(inherited)",
					"@executable_path/Frameworks",
				);
				PRODUCT_BUNDLE_IDENTIFIER = com.fanyin.Music;
				PRODUCT_NAME = "$(TARGET_NAME)";
				TARGETED_DEVICE_FAMILY = "1,2";
			};
			name = Debug;
		};
		A72E2F7522369E43006473EE /* Release */ = {
			isa = XCBuildConfiguration;
			baseConfigurationReference = 9E1EBB61750EC77C731053F5 /* Pods-Music.release.xcconfig */;
			buildSettings = {
				ASSETCATALOG_COMPILER_APPICON_NAME = AppIcon;
				CODE_SIGN_STYLE = Automatic;
				INFOPLIST_FILE = Music/Info.plist;
				LD_RUNPATH_SEARCH_PATHS = (
					"$(inherited)",
					"@executable_path/Frameworks",
				);
				PRODUCT_BUNDLE_IDENTIFIER = com.fanyin.Music;
				PRODUCT_NAME = "$(TARGET_NAME)";
				TARGETED_DEVICE_FAMILY = "1,2";
			};
			name = Release;
		};
		A72E2F7722369E43006473EE /* Debug */ = {
			isa = XCBuildConfiguration;
			buildSettings = {
				BUNDLE_LOADER = "$(TEST_HOST)";
				CODE_SIGN_STYLE = Automatic;
				INFOPLIST_FILE = MusicTests/Info.plist;
				LD_RUNPATH_SEARCH_PATHS = (
					"$(inherited)",
					"@executable_path/Frameworks",
					"@loader_path/Frameworks",
				);
				PRODUCT_BUNDLE_IDENTIFIER = com.fanyin.MusicTests;
				PRODUCT_NAME = "$(TARGET_NAME)";
				TARGETED_DEVICE_FAMILY = "1,2";
				TEST_HOST = "$(BUILT_PRODUCTS_DIR)/Music.app/Music";
			};
			name = Debug;
		};
		A72E2F7822369E43006473EE /* Release */ = {
			isa = XCBuildConfiguration;
			buildSettings = {
				BUNDLE_LOADER = "$(TEST_HOST)";
				CODE_SIGN_STYLE = Automatic;
				INFOPLIST_FILE = MusicTests/Info.plist;
				LD_RUNPATH_SEARCH_PATHS = (
					"$(inherited)",
					"@executable_path/Frameworks",
					"@loader_path/Frameworks",
				);
				PRODUCT_BUNDLE_IDENTIFIER = com.fanyin.MusicTests;
				PRODUCT_NAME = "$(TARGET_NAME)";
				TARGETED_DEVICE_FAMILY = "1,2";
				TEST_HOST = "$(BUILT_PRODUCTS_DIR)/Music.app/Music";
			};
			name = Release;
		};
		A72E2F7A22369E43006473EE /* Debug */ = {
			isa = XCBuildConfiguration;
			buildSettings = {
				CODE_SIGN_STYLE = Automatic;
				INFOPLIST_FILE = MusicUITests/Info.plist;
				LD_RUNPATH_SEARCH_PATHS = (
					"$(inherited)",
					"@executable_path/Frameworks",
					"@loader_path/Frameworks",
				);
				PRODUCT_BUNDLE_IDENTIFIER = com.fanyin.MusicUITests;
				PRODUCT_NAME = "$(TARGET_NAME)";
				TARGETED_DEVICE_FAMILY = "1,2";
				TEST_TARGET_NAME = Music;
			};
			name = Debug;
		};
		A72E2F7B22369E43006473EE /* Release */ = {
			isa = XCBuildConfiguration;
			buildSettings = {
				CODE_SIGN_STYLE = Automatic;
				INFOPLIST_FILE = MusicUITests/Info.plist;
				LD_RUNPATH_SEARCH_PATHS = (
					"$(inherited)",
					"@executable_path/Frameworks",
					"@loader_path/Frameworks",
				);
				PRODUCT_BUNDLE_IDENTIFIER = com.fanyin.MusicUITests;
				PRODUCT_NAME = "$(TARGET_NAME)";
				TARGETED_DEVICE_FAMILY = "1,2";
				TEST_TARGET_NAME = Music;
			};
			name = Release;
		};
/* End XCBuildConfiguration section */

/* Begin XCConfigurationList section */
		A72E2F4222369E40006473EE /* Build configuration list for PBXProject "Music" */ = {
			isa = XCConfigurationList;
			buildConfigurations = (
				A72E2F7122369E43006473EE /* Debug */,
				A72E2F7222369E43006473EE /* Release */,
			);
			defaultConfigurationIsVisible = 0;
			defaultConfigurationName = Release;
		};
		A72E2F7322369E43006473EE /* Build configuration list for PBXNativeTarget "Music" */ = {
			isa = XCConfigurationList;
			buildConfigurations = (
				A72E2F7422369E43006473EE /* Debug */,
				A72E2F7522369E43006473EE /* Release */,
			);
			defaultConfigurationIsVisible = 0;
			defaultConfigurationName = Release;
		};
		A72E2F7622369E43006473EE /* Build configuration list for PBXNativeTarget "MusicTests" */ = {
			isa = XCConfigurationList;
			buildConfigurations = (
				A72E2F7722369E43006473EE /* Debug */,
				A72E2F7822369E43006473EE /* Release */,
			);
			defaultConfigurationIsVisible = 0;
			defaultConfigurationName = Release;
		};
		A72E2F7922369E43006473EE /* Build configuration list for PBXNativeTarget "MusicUITests" */ = {
			isa = XCConfigurationList;
			buildConfigurations = (
				A72E2F7A22369E43006473EE /* Debug */,
				A72E2F7B22369E43006473EE /* Release */,
			);
			defaultConfigurationIsVisible = 0;
			defaultConfigurationName = Release;
		};
/* End XCConfigurationList section */
	};
	rootObject = A72E2F3F22369E40006473EE /* Project object */;
}
